// !$*UTF8*$!
{
	archiveVersion = 1;
	classes = {
	};
	objectVersion = 56;
	objects = {

/* Begin PBXBuildFile section */
		D1037D952A6BD028003FF7AD /* RootView.swift in Sources */ = {isa = PBXBuildFile; fileRef = D1037D942A6BD028003FF7AD /* RootView.swift */; };
		D1037D972A6BD04A003FF7AD /* ListenNowView.swift in Sources */ = {isa = PBXBuildFile; fileRef = D1037D962A6BD04A003FF7AD /* ListenNowView.swift */; };
		D1037D9A2A6BD0DE003FF7AD /* MenuView.swift in Sources */ = {isa = PBXBuildFile; fileRef = D1037D992A6BD0DE003FF7AD /* MenuView.swift */; };
		D1037D9C2A6BD0FA003FF7AD /* MenuItem.swift in Sources */ = {isa = PBXBuildFile; fileRef = D1037D9B2A6BD0FA003FF7AD /* MenuItem.swift */; };
		D1037D9E2A6BD1CA003FF7AD /* MediaItem.swift in Sources */ = {isa = PBXBuildFile; fileRef = D1037D9D2A6BD1CA003FF7AD /* MediaItem.swift */; };
		D1037DA02A6BD2C8003FF7AD /* Artist.swift in Sources */ = {isa = PBXBuildFile; fileRef = D1037D9F2A6BD2C8003FF7AD /* Artist.swift */; };
		D1037DA52A6BD6E7003FF7AD /* PlayerControlView.swift in Sources */ = {isa = PBXBuildFile; fileRef = D1037DA42A6BD6E7003FF7AD /* PlayerControlView.swift */; };
		D1037DA82A6BE931003FF7AD /* CustomModifiers.swift in Sources */ = {isa = PBXBuildFile; fileRef = D1037DA72A6BE931003FF7AD /* CustomModifiers.swift */; };
		D12CE7912A6BCF010033AC39 /* MusicPlayerUI_VisionOSApp.swift in Sources */ = {isa = PBXBuildFile; fileRef = D12CE7902A6BCF010033AC39 /* MusicPlayerUI_VisionOSApp.swift */; };
		D12CE7952A6BCF040033AC39 /* Assets.xcassets in Resources */ = {isa = PBXBuildFile; fileRef = D12CE7942A6BCF040033AC39 /* Assets.xcassets */; };
		D12CE7982A6BCF040033AC39 /* Preview Assets.xcassets in Resources */ = {isa = PBXBuildFile; fileRef = D12CE7972A6BCF040033AC39 /* Preview Assets.xcassets */; };
		D13FCE202A6C38300017AB6F /* AlbumListView.swift in Sources */ = {isa = PBXBuildFile; fileRef = D13FCE1F2A6C38300017AB6F /* AlbumListView.swift */; };
		D13FCE232A6C3A540017AB6F /* CardView.swift in Sources */ = {isa = PBXBuildFile; fileRef = D13FCE222A6C3A540017AB6F /* CardView.swift */; };
		D13FCE252A6C3A920017AB6F /* SongsListView.swift in Sources */ = {isa = PBXBuildFile; fileRef = D13FCE242A6C3A920017AB6F /* SongsListView.swift */; };
		D13FCE272A6C448C0017AB6F /* BrowseListView.swift in Sources */ = {isa = PBXBuildFile; fileRef = D13FCE262A6C448C0017AB6F /* BrowseListView.swift */; };
		D13FCE292A6C47D20017AB6F /* ArtistsListView.swift in Sources */ = {isa = PBXBuildFile; fileRef = D13FCE282A6C47D20017AB6F /* ArtistsListView.swift */; };
/* End PBXBuildFile section */

/* Begin PBXFileReference section */
		D1037D942A6BD028003FF7AD /* RootView.swift */ = {isa = PBXFileReference; lastKnownFileType = sourcecode.swift; path = RootView.swift; sourceTree = "<group>"; };
		D1037D962A6BD04A003FF7AD /* ListenNowView.swift */ = {isa = PBXFileReference; lastKnownFileType = sourcecode.swift; path = ListenNowView.swift; sourceTree = "<group>"; };
		D1037D992A6BD0DE003FF7AD /* MenuView.swift */ = {isa = PBXFileReference; lastKnownFileType = sourcecode.swift; path = MenuView.swift; sourceTree = "<group>"; };
		D1037D9B2A6BD0FA003FF7AD /* MenuItem.swift */ = {isa = PBXFileReference; lastKnownFileType = sourcecode.swift; path = MenuItem.swift; sourceTree = "<group>"; };
		D1037D9D2A6BD1CA003FF7AD /* MediaItem.swift */ = {isa = PBXFileReference; lastKnownFileType = sourcecode.swift; path = MediaItem.swift; sourceTree = "<group>"; };
		D1037D9F2A6BD2C8003FF7AD /* Artist.swift */ = {isa = PBXFileReference; lastKnownFileType = sourcecode.swift; path = Artist.swift; sourceTree = "<group>"; };
		D1037DA42A6BD6E7003FF7AD /* PlayerControlView.swift */ = {isa = PBXFileReference; lastKnownFileType = sourcecode.swift; path = PlayerControlView.swift; sourceTree = "<group>"; };
		D1037DA72A6BE931003FF7AD /* CustomModifiers.swift */ = {isa = PBXFileReference; lastKnownFileType = sourcecode.swift; path = CustomModifiers.swift; sourceTree = "<group>"; };
		D12CE7892A6BCF010033AC39 /* MusicPlayerUI-VisionOS.app */ = {isa = PBXFileReference; explicitFileType = wrapper.application; includeInIndex = 0; path = "MusicPlayerUI-VisionOS.app"; sourceTree = BUILT_PRODUCTS_DIR; };
		D12CE7902A6BCF010033AC39 /* MusicPlayerUI_VisionOSApp.swift */ = {isa = PBXFileReference; lastKnownFileType = sourcecode.swift; path = MusicPlayerUI_VisionOSApp.swift; sourceTree = "<group>"; };
		D12CE7942A6BCF040033AC39 /* Assets.xcassets */ = {isa = PBXFileReference; lastKnownFileType = folder.assetcatalog; path = Assets.xcassets; sourceTree = "<group>"; };
		D12CE7972A6BCF040033AC39 /* Preview Assets.xcassets */ = {isa = PBXFileReference; lastKnownFileType = folder.assetcatalog; path = "Preview Assets.xcassets"; sourceTree = "<group>"; };
		D13FCE1F2A6C38300017AB6F /* AlbumListView.swift */ = {isa = PBXFileReference; lastKnownFileType = sourcecode.swift; path = AlbumListView.swift; sourceTree = "<group>"; };
		D13FCE222A6C3A540017AB6F /* CardView.swift */ = {isa = PBXFileReference; lastKnownFileType = sourcecode.swift; path = CardView.swift; sourceTree = "<group>"; };
		D13FCE242A6C3A920017AB6F /* SongsListView.swift */ = {isa = PBXFileReference; lastKnownFileType = sourcecode.swift; path = SongsListView.swift; sourceTree = "<group>"; };
		D13FCE262A6C448C0017AB6F /* BrowseListView.swift */ = {isa = PBXFileReference; lastKnownFileType = sourcecode.swift; path = BrowseListView.swift; sourceTree = "<group>"; };
		D13FCE282A6C47D20017AB6F /* ArtistsListView.swift */ = {isa = PBXFileReference; lastKnownFileType = sourcecode.swift; path = ArtistsListView.swift; sourceTree = "<group>"; };
/* End PBXFileReference section */

/* Begin PBXFrameworksBuildPhase section */
		D12CE7862A6BCF010033AC39 /* Frameworks */ = {
			isa = PBXFrameworksBuildPhase;
			buildActionMask = 2147483647;
			files = (
			);
			runOnlyForDeploymentPostprocessing = 0;
		};
/* End PBXFrameworksBuildPhase section */

/* Begin PBXGroup section */
		D1037D922A6BD016003FF7AD /* Views */ = {
			isa = PBXGroup;
			children = (
				D13FCE212A6C39DE0017AB6F /* Browse */,
				D1037DA32A6BD6CB003FF7AD /* Common */,
				D1037D982A6BD0D1003FF7AD /* ListenNow */,
				D1037D942A6BD028003FF7AD /* RootView.swift */,
			);
			path = Views;
			sourceTree = "<group>";
		};
		D1037D932A6BD01D003FF7AD /* Models */ = {
			isa = PBXGroup;
			children = (
				D1037D9B2A6BD0FA003FF7AD /* MenuItem.swift */,
				D1037D9D2A6BD1CA003FF7AD /* MediaItem.swift */,
				D1037D9F2A6BD2C8003FF7AD /* Artist.swift */,
			);
			path = Models;
			sourceTree = "<group>";
		};
		D1037D982A6BD0D1003FF7AD /* ListenNow */ = {
			isa = PBXGroup;
			children = (
				D1037D962A6BD04A003FF7AD /* ListenNowView.swift */,
				D1037D992A6BD0DE003FF7AD /* MenuView.swift */,
			);
			path = ListenNow;
			sourceTree = "<group>";
		};
		D1037DA32A6BD6CB003FF7AD /* Common */ = {
			isa = PBXGroup;
			children = (
				D1037DA42A6BD6E7003FF7AD /* PlayerControlView.swift */,
				D13FCE242A6C3A920017AB6F /* SongsListView.swift */,
				D13FCE1F2A6C38300017AB6F /* AlbumListView.swift */,
				D13FCE222A6C3A540017AB6F /* CardView.swift */,
				D13FCE282A6C47D20017AB6F /* ArtistsListView.swift */,
			);
			path = Common;
			sourceTree = "<group>";
		};
		D1037DA62A6BE926003FF7AD /* Utilities */ = {
			isa = PBXGroup;
			children = (
				D1037DA72A6BE931003FF7AD /* CustomModifiers.swift */,
			);
			path = Utilities;
			sourceTree = "<group>";
		};
		D12CE7802A6BCF010033AC39 = {
			isa = PBXGroup;
			children = (
				D12CE78B2A6BCF010033AC39 /* MusicPlayerUI-VisionOS */,
				D12CE78A2A6BCF010033AC39 /* Products */,
			);
			sourceTree = "<group>";
		};
		D12CE78A2A6BCF010033AC39 /* Products */ = {
			isa = PBXGroup;
			children = (
				D12CE7892A6BCF010033AC39 /* MusicPlayerUI-VisionOS.app */,
			);
			name = Products;
			sourceTree = "<group>";
		};
		D12CE78B2A6BCF010033AC39 /* MusicPlayerUI-VisionOS */ = {
			isa = PBXGroup;
			children = (
				D1037DA62A6BE926003FF7AD /* Utilities */,
				D1037D932A6BD01D003FF7AD /* Models */,
				D1037D922A6BD016003FF7AD /* Views */,
				D12CE7902A6BCF010033AC39 /* MusicPlayerUI_VisionOSApp.swift */,
				D12CE7942A6BCF040033AC39 /* Assets.xcassets */,
				D12CE7962A6BCF040033AC39 /* Preview Content */,
			);
			path = "MusicPlayerUI-VisionOS";
			sourceTree = "<group>";
		};
		D12CE7962A6BCF040033AC39 /* Preview Content */ = {
			isa = PBXGroup;
			children = (
				D12CE7972A6BCF040033AC39 /* Preview Assets.xcassets */,
			);
			path = "Preview Content";
			sourceTree = "<group>";
		};
		D13FCE212A6C39DE0017AB6F /* Browse */ = {
			isa = PBXGroup;
			children = (
				D13FCE262A6C448C0017AB6F /* BrowseListView.swift */,
			);
			path = Browse;
			sourceTree = "<group>";
		};
/* End PBXGroup section */

/* Begin PBXNativeTarget section */
		D12CE7882A6BCF010033AC39 /* MusicPlayerUI-VisionOS */ = {
			isa = PBXNativeTarget;
			buildConfigurationList = D12CE79B2A6BCF040033AC39 /* Build configuration list for PBXNativeTarget "MusicPlayerUI-VisionOS" */;
			buildPhases = (
				D12CE7852A6BCF010033AC39 /* Sources */,
				D12CE7862A6BCF010033AC39 /* Frameworks */,
				D12CE7872A6BCF010033AC39 /* Resources */,
			);
			buildRules = (
			);
			dependencies = (
			);
			name = "MusicPlayerUI-VisionOS";
			packageProductDependencies = (
			);
			productName = "MusicPlayerUI-VisionOS";
			productReference = D12CE7892A6BCF010033AC39 /* MusicPlayerUI-VisionOS.app */;
			productType = "com.apple.product-type.application";
		};
/* End PBXNativeTarget section */

/* Begin PBXProject section */
		D12CE7812A6BCF010033AC39 /* Project object */ = {
			isa = PBXProject;
			attributes = {
				BuildIndependentTargetsInParallel = 1;
				LastSwiftUpdateCheck = 1500;
				LastUpgradeCheck = 1500;
				TargetAttributes = {
					D12CE7882A6BCF010033AC39 = {
						CreatedOnToolsVersion = 15.0;
					};
				};
			};
			buildConfigurationList = D12CE7842A6BCF010033AC39 /* Build configuration list for PBXProject "MusicPlayerUI-VisionOS" */;
			compatibilityVersion = "Xcode 14.0";
			developmentRegion = en;
			hasScannedForEncodings = 0;
			knownRegions = (
				en,
				Base,
			);
			mainGroup = D12CE7802A6BCF010033AC39;
			productRefGroup = D12CE78A2A6BCF010033AC39 /* Products */;
			projectDirPath = "";
			projectRoot = "";
			targets = (
				D12CE7882A6BCF010033AC39 /* MusicPlayerUI-VisionOS */,
			);
		};
/* End PBXProject section */

/* Begin PBXResourcesBuildPhase section */
		D12CE7872A6BCF010033AC39 /* Resources */ = {
			isa = PBXResourcesBuildPhase;
			buildActionMask = 2147483647;
			files = (
				D12CE7982A6BCF040033AC39 /* Preview Assets.xcassets in Resources */,
				D12CE7952A6BCF040033AC39 /* Assets.xcassets in Resources */,
			);
			runOnlyForDeploymentPostprocessing = 0;
		};
/* End PBXResourcesBuildPhase section */

/* Begin PBXSourcesBuildPhase section */
		D12CE7852A6BCF010033AC39 /* Sources */ = {
			isa = PBXSourcesBuildPhase;
			buildActionMask = 2147483647;
			files = (
				D12CE7912A6BCF010033AC39 /* MusicPlayerUI_VisionOSApp.swift in Sources */,
				D1037DA82A6BE931003FF7AD /* CustomModifiers.swift in Sources */,
				D1037D9A2A6BD0DE003FF7AD /* MenuView.swift in Sources */,
				D1037D9E2A6BD1CA003FF7AD /* MediaItem.swift in Sources */,
				D13FCE272A6C448C0017AB6F /* BrowseListView.swift in Sources */,
				D13FCE292A6C47D20017AB6F /* ArtistsListView.swift in Sources */,
				D1037D972A6BD04A003FF7AD /* ListenNowView.swift in Sources */,
				D1037D952A6BD028003FF7AD /* RootView.swift in Sources */,
				D1037D9C2A6BD0FA003FF7AD /* MenuItem.swift in Sources */,
				D13FCE202A6C38300017AB6F /* AlbumListView.swift in Sources */,
				D1037DA02A6BD2C8003FF7AD /* Artist.swift in Sources */,
				D13FCE232A6C3A540017AB6F /* CardView.swift in Sources */,
				D1037DA52A6BD6E7003FF7AD /* PlayerControlView.swift in Sources */,
				D13FCE252A6C3A920017AB6F /* SongsListView.swift in Sources */,
			);
			runOnlyForDeploymentPostprocessing = 0;
		};
/* End PBXSourcesBuildPhase section */

/* Begin XCBuildConfiguration section */
		D12CE7992A6BCF040033AC39 /* Debug */ = {
			isa = XCBuildConfiguration;
			buildSettings = {
				ALWAYS_SEARCH_USER_PATHS = NO;
				ASSETCATALOG_COMPILER_GENERATE_SWIFT_ASSET_SYMBOL_EXTENSIONS = YES;
				CLANG_ANALYZER_NONNULL = YES;
				CLANG_ANALYZER_NUMBER_OBJECT_CONVERSION = YES_AGGRESSIVE;
				CLANG_CXX_LANGUAGE_STANDARD = "gnu++20";
				CLANG_ENABLE_MODULES = YES;
				CLANG_ENABLE_OBJC_ARC = YES;
				CLANG_ENABLE_OBJC_WEAK = YES;
				CLANG_WARN_BLOCK_CAPTURE_AUTORELEASING = YES;
				CLANG_WARN_BOOL_CONVERSION = YES;
				CLANG_WARN_COMMA = YES;
				CLANG_WARN_CONSTANT_CONVERSION = YES;
				CLANG_WARN_DEPRECATED_OBJC_IMPLEMENTATIONS = YES;
				CLANG_WARN_DIRECT_OBJC_ISA_USAGE = YES_ERROR;
				CLANG_WARN_DOCUMENTATION_COMMENTS = YES;
				CLANG_WARN_EMPTY_BODY = YES;
				CLANG_WARN_ENUM_CONVERSION = YES;
				CLANG_WARN_INFINITE_RECURSION = YES;
				CLANG_WARN_INT_CONVERSION = YES;
				CLANG_WARN_NON_LITERAL_NULL_CONVERSION = YES;
				CLANG_WARN_OBJC_IMPLICIT_RETAIN_SELF = YES;
				CLANG_WARN_OBJC_LITERAL_CONVERSION = YES;
				CLANG_WARN_OBJC_ROOT_CLASS = YES_ERROR;
				CLANG_WARN_QUOTED_INCLUDE_IN_FRAMEWORK_HEADER = YES;
				CLANG_WARN_RANGE_LOOP_ANALYSIS = YES;
				CLANG_WARN_STRICT_PROTOTYPES = YES;
				CLANG_WARN_SUSPICIOUS_MOVE = YES;
				CLANG_WARN_UNGUARDED_AVAILABILITY = YES_AGGRESSIVE;
				CLANG_WARN_UNREACHABLE_CODE = YES;
				CLANG_WARN__DUPLICATE_METHOD_MATCH = YES;
				COPY_PHASE_STRIP = NO;
				DEBUG_INFORMATION_FORMAT = dwarf;
				ENABLE_STRICT_OBJC_MSGSEND = YES;
				ENABLE_TESTABILITY = YES;
				ENABLE_USER_SCRIPT_SANDBOXING = YES;
				GCC_C_LANGUAGE_STANDARD = gnu17;
				GCC_DYNAMIC_NO_PIC = NO;
				GCC_NO_COMMON_BLOCKS = YES;
				GCC_OPTIMIZATION_LEVEL = 0;
				GCC_PREPROCESSOR_DEFINITIONS = (
					"DEBUG=1",
					"$(inherited)",
				);
				GCC_WARN_64_TO_32_BIT_CONVERSION = YES;
				GCC_WARN_ABOUT_RETURN_TYPE = YES_ERROR;
				GCC_WARN_UNDECLARED_SELECTOR = YES;
				GCC_WARN_UNINITIALIZED_AUTOS = YES_AGGRESSIVE;
				GCC_WARN_UNUSED_FUNCTION = YES;
				GCC_WARN_UNUSED_VARIABLE = YES;
				LOCALIZATION_PREFERS_STRING_CATALOGS = YES;
				MTL_ENABLE_DEBUG_INFO = INCLUDE_SOURCE;
				MTL_FAST_MATH = YES;
				ONLY_ACTIVE_ARCH = YES;
				SDKROOT = xros;
				SWIFT_ACTIVE_COMPILATION_CONDITIONS = "DEBUG $(inherited)";
				SWIFT_OPTIMIZATION_LEVEL = "-Onone";
				XROS_DEPLOYMENT_TARGET = 1.0;
			};
			name = Debug;
		};
		D12CE79A2A6BCF040033AC39 /* Release */ = {
			isa = XCBuildConfiguration;
			buildSettings = {
				ALWAYS_SEARCH_USER_PATHS = NO;
				ASSETCATALOG_COMPILER_GENERATE_SWIFT_ASSET_SYMBOL_EXTENSIONS = YES;
				CLANG_ANALYZER_NONNULL = YES;
				CLANG_ANALYZER_NUMBER_OBJECT_CONVERSION = YES_AGGRESSIVE;
				CLANG_CXX_LANGUAGE_STANDARD = "gnu++20";
				CLANG_ENABLE_MODULES = YES;
				CLANG_ENABLE_OBJC_ARC = YES;
				CLANG_ENABLE_OBJC_WEAK = YES;
				CLANG_WARN_BLOCK_CAPTURE_AUTORELEASING = YES;
				CLANG_WARN_BOOL_CONVERSION = YES;
				CLANG_WARN_COMMA = YES;
				CLANG_WARN_CONSTANT_CONVERSION = YES;
				CLANG_WARN_DEPRECATED_OBJC_IMPLEMENTATIONS = YES;
				CLANG_WARN_DIRECT_OBJC_ISA_USAGE = YES_ERROR;
				CLANG_WARN_DOCUMENTATION_COMMENTS = YES;
				CLANG_WARN_EMPTY_BODY = YES;
				CLANG_WARN_ENUM_CONVERSION = YES;
				CLANG_WARN_INFINITE_RECURSION = YES;
				CLANG_WARN_INT_CONVERSION = YES;
				CLANG_WARN_NON_LITERAL_NULL_CONVERSION = YES;
				CLANG_WARN_OBJC_IMPLICIT_RETAIN_SELF = YES;
				CLANG_WARN_OBJC_LITERAL_CONVERSION = YES;
				CLANG_WARN_OBJC_ROOT_CLASS = YES_ERROR;
				CLANG_WARN_QUOTED_INCLUDE_IN_FRAMEWORK_HEADER = YES;
				CLANG_WARN_RANGE_LOOP_ANALYSIS = YES;
				CLANG_WARN_STRICT_PROTOTYPES = YES;
				CLANG_WARN_SUSPICIOUS_MOVE = YES;
				CLANG_WARN_UNGUARDED_AVAILABILITY = YES_AGGRESSIVE;
				CLANG_WARN_UNREACHABLE_CODE = YES;
				CLANG_WARN__DUPLICATE_METHOD_MATCH = YES;
				COPY_PHASE_STRIP = NO;
				DEBUG_INFORMATION_FORMAT = "dwarf-with-dsym";
				ENABLE_NS_ASSERTIONS = NO;
				ENABLE_STRICT_OBJC_MSGSEND = YES;
				ENABLE_USER_SCRIPT_SANDBOXING = YES;
				GCC_C_LANGUAGE_STANDARD = gnu17;
				GCC_NO_COMMON_BLOCKS = YES;
				GCC_WARN_64_TO_32_BIT_CONVERSION = YES;
				GCC_WARN_ABOUT_RETURN_TYPE = YES_ERROR;
				GCC_WARN_UNDECLARED_SELECTOR = YES;
				GCC_WARN_UNINITIALIZED_AUTOS = YES_AGGRESSIVE;
				GCC_WARN_UNUSED_FUNCTION = YES;
				GCC_WARN_UNUSED_VARIABLE = YES;
				LOCALIZATION_PREFERS_STRING_CATALOGS = YES;
				MTL_ENABLE_DEBUG_INFO = NO;
				MTL_FAST_MATH = YES;
				SDKROOT = xros;
				SWIFT_COMPILATION_MODE = wholemodule;
				VALIDATE_PRODUCT = YES;
				XROS_DEPLOYMENT_TARGET = 1.0;
			};
			name = Release;
		};
		D12CE79C2A6BCF040033AC39 /* Debug */ = {
			isa = XCBuildConfiguration;
			buildSettings = {
				ASSETCATALOG_COMPILER_APPICON_NAME = AppIcon;
				ASSETCATALOG_COMPILER_GLOBAL_ACCENT_COLOR_NAME = AccentColor;
				CODE_SIGN_STYLE = Automatic;
				CURRENT_PROJECT_VERSION = 1;
				DEVELOPMENT_ASSET_PATHS = "\"MusicPlayerUI-VisionOS/Preview Content\"";
				DEVELOPMENT_TEAM = HW2VJEFH2M;
				ENABLE_PREVIEWS = YES;
				GENERATE_INFOPLIST_FILE = YES;
				INFOPLIST_KEY_UIApplicationSceneManifest_Generation = YES;
				LD_RUNPATH_SEARCH_PATHS = (
					"$(inherited)",
					"@executable_path/Frameworks",
				);
				MARKETING_VERSION = 1.0;
				PRODUCT_BUNDLE_IDENTIFIER = "com.vinothvino.MusicPlayerUI-VisionOS";
				PRODUCT_NAME = "$(TARGET_NAME)";
				SUPPORTED_PLATFORMS = "xros xrsimulator";
				SWIFT_EMIT_LOC_STRINGS = YES;
				SWIFT_VERSION = 5.0;
				TARGETED_DEVICE_FAMILY = "1,2,7";
			};
			name = Debug;
		};
		D12CE79D2A6BCF040033AC39 /* Release */ = {
			isa = XCBuildConfiguration;
			buildSettings = {
				ASSETCATALOG_COMPILER_APPICON_NAME = AppIcon;
				ASSETCATALOG_COMPILER_GLOBAL_ACCENT_COLOR_NAME = AccentColor;
				CODE_SIGN_STYLE = Automatic;
				CURRENT_PROJECT_VERSION = 1;
				DEVELOPMENT_ASSET_PATHS = "\"MusicPlayerUI-VisionOS/Preview Content\"";
				DEVELOPMENT_TEAM = HW2VJEFH2M;
				ENABLE_PREVIEWS = YES;
				GENERATE_INFOPLIST_FILE = YES;
				INFOPLIST_KEY_UIApplicationSceneManifest_Generation = YES;
				LD_RUNPATH_SEARCH_PATHS = (
					"$(inherited)",
					"@executable_path/Frameworks",
				);
				MARKETING_VERSION = 1.0;
				PRODUCT_BUNDLE_IDENTIFIER = "com.vinothvino.MusicPlayerUI-VisionOS";
				PRODUCT_NAME = "$(TARGET_NAME)";
				SUPPORTED_PLATFORMS = "xros xrsimulator";
				SWIFT_EMIT_LOC_STRINGS = YES;
				SWIFT_VERSION = 5.0;
				TARGETED_DEVICE_FAMILY = "1,2,7";
			};
			name = Release;
		};
/* End XCBuildConfiguration section */

/* Begin XCConfigurationList section */
		D12CE7842A6BCF010033AC39 /* Build configuration list for PBXProject "MusicPlayerUI-VisionOS" */ = {
			isa = XCConfigurationList;
			buildConfigurations = (
				D12CE7992A6BCF040033AC39 /* Debug */,
				D12CE79A2A6BCF040033AC39 /* Release */,
			);
			defaultConfigurationIsVisible = 0;
			defaultConfigurationName = Release;
		};
		D12CE79B2A6BCF040033AC39 /* Build configuration list for PBXNativeTarget "MusicPlayerUI-VisionOS" */ = {
			isa = XCConfigurationList;
			buildConfigurations = (
				D12CE79C2A6BCF040033AC39 /* Debug */,
				D12CE79D2A6BCF040033AC39 /* Release */,
			);
			defaultConfigurationIsVisible = 0;
			defaultConfigurationName = Release;
		};
/* End XCConfigurationList section */
	};
	rootObject = D12CE7812A6BCF010033AC39 /* Project object */;
}
